
Microsoft Visual Studio Solution File, Format Version 12.00
# Visual Studio Version 17
VisualStudioVersion = 17.4.33213.308
MinimumVisualStudioVersion = 10.0.40219.1
Project("{9A19103F-16F7-4668-BE54-9A1E7A4F7556}") = "LegacyApp.Consumer", "LegacyApp.Consumer\LegacyApp.Consumer.csproj", "{4BFEFB67-436A-4327-B2C1-F87442F3C539}"
EndProject
Project("{9A19103F-16F7-4668-BE54-9A1E7A4F7556}") = "LegacyApp", "LegacyApp\LegacyApp.csproj", "{F53CA5DB-863E-4F35-992F-7E3C5078DED5}"
EndProject
Project("{FAE04EC0-301F-11D3-BF4B-00C04F79EFBC}") = "LegacyApp.Tests", "LegacyApp.Tests\LegacyApp.Tests\LegacyApp.Tests.csproj", "{8CDCD9E8-7D4C-460F-A798-144313E540F6}"
EndProject
Global
	GlobalSection(SolutionConfigurationPlatforms) = preSolution
		Debug|Any CPU = Debug|Any CPU
		Release|Any CPU = Release|Any CPU
	EndGlobalSection
	GlobalSection(ProjectConfigurationPlatforms) = postSolution
		{4BFEFB67-436A-4327-B2C1-F87442F3C539}.Debug|Any CPU.ActiveCfg = Debug|Any CPU
		{4BFEFB67-436A-4327-B2C1-F87442F3C539}.Debug|Any CPU.Build.0 = Debug|Any CPU
		{4BFEFB67-436A-4327-B2C1-F87442F3C539}.Release|Any CPU.ActiveCfg = Release|Any CPU
		{4BFEFB67-436A-4327-B2C1-F87442F3C539}.Release|Any CPU.Build.0 = Release|Any CPU
		{F53CA5DB-863E-4F35-992F-7E3C5078DED5}.Debug|Any CPU.ActiveCfg = Debug|Any CPU
		{F53CA5DB-863E-4F35-992F-7E3C5078DED5}.Debug|Any CPU.Build.0 = Debug|Any CPU
		{F53CA5DB-863E-4F35-992F-7E3C5078DED5}.Release|Any CPU.ActiveCfg = Release|Any CPU
		{F53CA5DB-863E-4F35-992F-7E3C5078DED5}.Release|Any CPU.Build.0 = Release|Any CPU
		{8CDCD9E8-7D4C-460F-A798-144313E540F6}.Debug|Any CPU.ActiveCfg = Debug|Any CPU
		{8CDCD9E8-7D4C-460F-A798-144313E540F6}.Debug|Any CPU.Build.0 = Debug|Any CPU
		{8CDCD9E8-7D4C-460F-A798-144313E540F6}.Release|Any CPU.ActiveCfg = Release|Any CPU
		{8CDCD9E8-7D4C-460F-A798-144313E540F6}.Release|Any CPU.Build.0 = Release|Any CPU
	EndGlobalSection
	GlobalSection(SolutionProperties) = preSolution
		HideSolutionNode = FALSE
	EndGlobalSection
	GlobalSection(ExtensibilityGlobals) = postSolution
		SolutionGuid = {36DDEA75-F3C2-41F6-9301-17B522688548}
	EndGlobalSection
EndGlobal
